
Microsoft Visual Studio Solution File, Format Version 12.00
# Visual Studio Version 18
VisualStudioVersion = 18.6.11822.322
MinimumVisualStudioVersion = 10.0.40219.1
Project("{2150E333-8FDC-42A3-9474-1A3956D46DE8}") = "Solution Items", "Solution Items", "{106CE556-96AE-4C58-90CA-7E5626ED3896}"
	ProjectSection(SolutionItems) = preProject
		.editorconfig = .editorconfig
		.runsettings = .runsettings
	EndProjectSection
EndProject
Project("{FAE04EC0-301F-11D3-BF4B-00C04F79EFBC}") = "PilotApi.Domain", "src\PilotApi.Domain\PilotApi.Domain.csproj", "{7C64C918-9378-BD78-1750-D378C9C29DB5}"
EndProject
Project("{FAE04EC0-301F-11D3-BF4B-00C04F79EFBC}") = "PilotApi.Repositories", "src\PilotApi.Repositories\PilotApi.Repositories.csproj", "{84B3B0A8-6E97-43F2-869C-315D9238F3F1}"
EndProject
Project("{FAE04EC0-301F-11D3-BF4B-00C04F79EFBC}") = "PilotApi.Services", "src\PilotApi.Services\PilotApi.Services.csproj", "{4EF613EF-11A8-265F-46DF-5F682F9E66F1}"
EndProject
Project("{FAE04EC0-301F-11D3-BF4B-00C04F79EFBC}") = "PilotApi.Shared", "src\PilotApi.Shared\PilotApi.Shared.csproj", "{20D94D15-A207-2AB2-25CC-3B37D566D757}"
EndProject
Project("{FAE04EC0-301F-11D3-BF4B-00C04F79EFBC}") = "PilotApi.Web", "src\PilotApi.Web\PilotApi.Web.csproj", "{1AE683B0-3844-15B2-A9F0-B4B88E76BBF9}"
EndProject
Project("{2150E333-8FDC-42A3-9474-1A3956D46DE8}") = "UnitTests", "UnitTests", "{ED5AA911-4308-41A1-B065-0450957B670B}"
EndProject
Project("{FAE04EC0-301F-11D3-BF4B-00C04F79EFBC}") = "PilotApi.Domain.Tests", "test\PilotApi.Domain.Tests\PilotApi.Domain.Tests.csproj", "{42D36885-EB55-BB0B-9870-E10BED007057}"
EndProject
Project("{FAE04EC0-301F-11D3-BF4B-00C04F79EFBC}") = "PilotApi.TestingShared", "test\PilotApi.TestingShared\PilotApi.TestingShared.csproj", "{40A5F3FF-99E2-3BB1-5D94-1811550362B3}"
EndProject
Project("{FAE04EC0-301F-11D3-BF4B-00C04F79EFBC}") = "PilotApi.Repositories.Tests", "test\PilotApi.Repositories.Tests\PilotApi.Repositories.Tests.csproj", "{74A7B187-ADE2-21AE-8DC6-77EB03A792B2}"
EndProject
Project("{FAE04EC0-301F-11D3-BF4B-00C04F79EFBC}") = "PilotApi.Services.Tests", "test\PilotApi.Services.Tests\PilotApi.Services.Tests.csproj", "{6828CE52-1733-836B-DB11-B1FC7984AEC9}"
EndProject
Project("{FAE04EC0-301F-11D3-BF4B-00C04F79EFBC}") = "PilotApi.Shared.Tests", "test\PilotApi.Shared.Tests\PilotApi.Shared.Tests.csproj", "{CD1A8D96-E2C3-349F-16FC-CC406AA1E446}"
EndProject
Project("{FAE04EC0-301F-11D3-BF4B-00C04F79EFBC}") = "PilotApi.Web.Tests", "test\PilotApi.Web.Tests\PilotApi.Web.Tests.csproj", "{855C6AF3-84CA-D97C-3455-12CAED8140B1}"
EndProject
Project("{2150E333-8FDC-42A3-9474-1A3956D46DE8}") = "Documents", "Documents", "{731B674F-12B0-48F8-8CC2-E0A79C7760DD}"
	ProjectSection(SolutionItems) = preProject
		README.md = README.md
	EndProjectSection
EndProject
Project("{2150E333-8FDC-42A3-9474-1A3956D46DE8}") = "images", "images", "{65D1AE24-AA9F-4B44-B9AD-49C6C85DB6EC}"
	ProjectSection(SolutionItems) = preProject
		images\logo.png = images\logo.png
	EndProjectSection
EndProject
Project("{FAE04EC0-301F-11D3-BF4B-00C04F79EFBC}") = "PilotApi.Architecture.Tests", "test\PilotApi.Architecture.Tests\PilotApi.Architecture.Tests.csproj", "{76EB4039-C35F-E723-7660-8AF65B99BCD1}"
EndProject
Global
	GlobalSection(SolutionConfigurationPlatforms) = preSolution
		Debug|Any CPU = Debug|Any CPU
		Release|Any CPU = Release|Any CPU
	EndGlobalSection
	GlobalSection(ProjectConfigurationPlatforms) = postSolution
		{7C64C918-9378-BD78-1750-D378C9C29DB5}.Debug|Any CPU.ActiveCfg = Debug|Any CPU
		{7C64C918-9378-BD78-1750-D378C9C29DB5}.Debug|Any CPU.Build.0 = Debug|Any CPU
		{7C64C918-9378-BD78-1750-D378C9C29DB5}.Release|Any CPU.ActiveCfg = Release|Any CPU
		{7C64C918-9378-BD78-1750-D378C9C29DB5}.Release|Any CPU.Build.0 = Release|Any CPU
		{84B3B0A8-6E97-43F2-869C-315D9238F3F1}.Debug|Any CPU.ActiveCfg = Debug|Any CPU
		{84B3B0A8-6E97-43F2-869C-315D9238F3F1}.Debug|Any CPU.Build.0 = Debug|Any CPU
		{84B3B0A8-6E97-43F2-869C-315D9238F3F1}.Release|Any CPU.ActiveCfg = Release|Any CPU
		{84B3B0A8-6E97-43F2-869C-315D9238F3F1}.Release|Any CPU.Build.0 = Release|Any CPU
		{4EF613EF-11A8-265F-46DF-5F682F9E66F1}.Debug|Any CPU.ActiveCfg = Debug|Any CPU
		{4EF613EF-11A8-265F-46DF-5F682F9E66F1}.Debug|Any CPU.Build.0 = Debug|Any CPU
		{4EF613EF-11A8-265F-46DF-5F682F9E66F1}.Release|Any CPU.ActiveCfg = Release|Any CPU
		{4EF613EF-11A8-265F-46DF-5F682F9E66F1}.Release|Any CPU.Build.0 = Release|Any CPU
		{20D94D15-A207-2AB2-25CC-3B37D566D757}.Debug|Any CPU.ActiveCfg = Debug|Any CPU
		{20D94D15-A207-2AB2-25CC-3B37D566D757}.Debug|Any CPU.Build.0 = Debug|Any CPU
		{20D94D15-A207-2AB2-25CC-3B37D566D757}.Release|Any CPU.ActiveCfg = Release|Any CPU
		{20D94D15-A207-2AB2-25CC-3B37D566D757}.Release|Any CPU.Build.0 = Release|Any CPU
		{1AE683B0-3844-15B2-A9F0-B4B88E76BBF9}.Debug|Any CPU.ActiveCfg = Debug|Any CPU
		{1AE683B0-3844-15B2-A9F0-B4B88E76BBF9}.Debug|Any CPU.Build.0 = Debug|Any CPU
		{1AE683B0-3844-15B2-A9F0-B4B88E76BBF9}.Release|Any CPU.ActiveCfg = Release|Any CPU
		{1AE683B0-3844-15B2-A9F0-B4B88E76BBF9}.Release|Any CPU.Build.0 = Release|Any CPU
		{42D36885-EB55-BB0B-9870-E10BED007057}.Debug|Any CPU.ActiveCfg = Debug|Any CPU
		{42D36885-EB55-BB0B-9870-E10BED007057}.Debug|Any CPU.Build.0 = Debug|Any CPU
		{42D36885-EB55-BB0B-9870-E10BED007057}.Release|Any CPU.ActiveCfg = Release|Any CPU
		{42D36885-EB55-BB0B-9870-E10BED007057}.Release|Any CPU.Build.0 = Release|Any CPU
		{40A5F3FF-99E2-3BB1-5D94-1811550362B3}.Debug|Any CPU.ActiveCfg = Debug|Any CPU
		{40A5F3FF-99E2-3BB1-5D94-1811550362B3}.Debug|Any CPU.Build.0 = Debug|Any CPU
		{40A5F3FF-99E2-3BB1-5D94-1811550362B3}.Release|Any CPU.ActiveCfg = Release|Any CPU
		{40A5F3FF-99E2-3BB1-5D94-1811550362B3}.Release|Any CPU.Build.0 = Release|Any CPU
		{74A7B187-ADE2-21AE-8DC6-77EB03A792B2}.Debug|Any CPU.ActiveCfg = Debug|Any CPU
		{74A7B187-ADE2-21AE-8DC6-77EB03A792B2}.Debug|Any CPU.Build.0 = Debug|Any CPU
		{74A7B187-ADE2-21AE-8DC6-77EB03A792B2}.Release|Any CPU.ActiveCfg = Release|Any CPU
		{74A7B187-ADE2-21AE-8DC6-77EB03A792B2}.Release|Any CPU.Build.0 = Release|Any CPU
		{6828CE52-1733-836B-DB11-B1FC7984AEC9}.Debug|Any CPU.ActiveCfg = Debug|Any CPU
		{6828CE52-1733-836B-DB11-B1FC7984AEC9}.Debug|Any CPU.Build.0 = Debug|Any CPU
		{6828CE52-1733-836B-DB11-B1FC7984AEC9}.Release|Any CPU.ActiveCfg = Release|Any CPU
		{6828CE52-1733-836B-DB11-B1FC7984AEC9}.Release|Any CPU.Build.0 = Release|Any CPU
		{CD1A8D96-E2C3-349F-16FC-CC406AA1E446}.Debug|Any CPU.ActiveCfg = Debug|Any CPU
		{CD1A8D96-E2C3-349F-16FC-CC406AA1E446}.Debug|Any CPU.Build.0 = Debug|Any CPU
		{CD1A8D96-E2C3-349F-16FC-CC406AA1E446}.Release|Any CPU.ActiveCfg = Release|Any CPU
		{CD1A8D96-E2C3-349F-16FC-CC406AA1E446}.Release|Any CPU.Build.0 = Release|Any CPU
		{855C6AF3-84CA-D97C-3455-12CAED8140B1}.Debug|Any CPU.ActiveCfg = Debug|Any CPU
		{855C6AF3-84CA-D97C-3455-12CAED8140B1}.Debug|Any CPU.Build.0 = Debug|Any CPU
		{855C6AF3-84CA-D97C-3455-12CAED8140B1}.Release|Any CPU.ActiveCfg = Release|Any CPU
		{855C6AF3-84CA-D97C-3455-12CAED8140B1}.Release|Any CPU.Build.0 = Release|Any CPU
		{76EB4039-C35F-E723-7660-8AF65B99BCD1}.Debug|Any CPU.ActiveCfg = Debug|Any CPU
		{76EB4039-C35F-E723-7660-8AF65B99BCD1}.Debug|Any CPU.Build.0 = Debug|Any CPU
		{76EB4039-C35F-E723-7660-8AF65B99BCD1}.Release|Any CPU.ActiveCfg = Release|Any CPU
		{76EB4039-C35F-E723-7660-8AF65B99BCD1}.Release|Any CPU.Build.0 = Release|Any CPU
	EndGlobalSection
	GlobalSection(SolutionProperties) = preSolution
		HideSolutionNode = FALSE
	EndGlobalSection
	GlobalSection(NestedProjects) = preSolution
		{42D36885-EB55-BB0B-9870-E10BED007057} = {ED5AA911-4308-41A1-B065-0450957B670B}
		{40A5F3FF-99E2-3BB1-5D94-1811550362B3} = {ED5AA911-4308-41A1-B065-0450957B670B}
		{74A7B187-ADE2-21AE-8DC6-77EB03A792B2} = {ED5AA911-4308-41A1-B065-0450957B670B}
		{6828CE52-1733-836B-DB11-B1FC7984AEC9} = {ED5AA911-4308-41A1-B065-0450957B670B}
		{CD1A8D96-E2C3-349F-16FC-CC406AA1E446} = {ED5AA911-4308-41A1-B065-0450957B670B}
		{855C6AF3-84CA-D97C-3455-12CAED8140B1} = {ED5AA911-4308-41A1-B065-0450957B670B}
		{65D1AE24-AA9F-4B44-B9AD-49C6C85DB6EC} = {106CE556-96AE-4C58-90CA-7E5626ED3896}
		{76EB4039-C35F-E723-7660-8AF65B99BCD1} = {ED5AA911-4308-41A1-B065-0450957B670B}
	EndGlobalSection
	GlobalSection(ExtensibilityGlobals) = postSolution
		SolutionGuid = {08F10AAE-C616-4E11-AEB0-67109267F156}
	EndGlobalSection
EndGlobal
